dependencies:
  espressif/esp_lvgl_port:
    component_hash: b43dc04720d126cbfe14d53a84787e4c24b7bd7f15468e224c930ad3ffb32258
    source:
      service_url: https://api.components.espressif.com/
      type: service
    version: 1.4.0
  idf:
    component_hash: null
    source:
      type: idf
    version: 5.2.1
  lvgl/lvgl:
    component_hash: d7c1ac037ae6e85d94897f807d6e7ba0946a83e720074fc95a4f6241da9f9f53
    source:
      service_url: https://api.components.espressif.com/
      type: service
    version: 8.4.0
manifest_hash: fbbbe4ff521deb7ec3b4084870118478fd84a00589f9d5c13a0cec2092e83509
target: esp32s3
version: 1.0.0
